{
  "name": "insomnia-plugin-totp-mfa",
  "version": "0.0.1",
  "lockfileVersion": 3,
  "requires": true,
  "packages": {
    "": {
      "name": "insomnia-plugin-totp-mfa",
      "version": "0.0.1",
      "license": "ISC",
      "dependencies": {
        "totp-mfa": "^1.0.1"
      }
    },
    "node_modules/jssha": {
      "version": "3.3.1",
      "resolved": "https://registry.npmjs.org/jssha/-/jssha-3.3.1.tgz",
      "integrity": "sha512-VCMZj12FCFMQYcFLPRm/0lOBbLi8uM2BhXPTqw3U4YAfs4AZfiApOoBLoN8cQE60Z50m1MYMTQVCfgF/KaCVhQ==",
      "license": "BSD-3-Clause",
      "engines": {
        "node": "*"
      }
    },
    "node_modules/totp-mfa": {
      "version": "1.0.1",
      "resolved": "https://registry.npmjs.org/totp-mfa/-/totp-mfa-1.0.1.tgz",
      "integrity": "sha512-EVhdxR2bJ063tRb6r7XjXoV2xv8PXULGoFUFIil1UiK1CRNY9pH18Ua9ooAQnz3KlXcrnAvTbXL5gs9HEKO/7Q==",
      "license": "ISC",
      "dependencies": {
        "jssha": "^3.3.1"
      }
    }
  }
}
